
Microsoft Visual Studio Solution File, Format Version 12.00
# Visual Studio Express 2013 for Web
VisualStudioVersion = 12.0.21005.1
MinimumVisualStudioVersion = 10.0.40219.1
Project("{FAE04EC0-301F-11D3-BF4B-00C04F79EFBC}") = "ConfigTool", "ConfigTool\ConfigTool.csproj", "{54D68C6B-E9F5-48A5-89D5-382AC485342C}"
EndProject
Project("{FAE04EC0-301F-11D3-BF4B-00C04F79EFBC}") = "ASPDemo", "ASPDemo\ASPDemo.csproj", "{CDDEFE15-87A5-4AB9-8A6B-E97CB102E012}"
EndProject
Project("{FAE04EC0-301F-11D3-BF4B-00C04F79EFBC}") = "DataLayer", "DataLayer\DataLayer.csproj", "{F39428E0-07DF-4CCB-A069-A2663D800DF3}"
EndProject
Global
	GlobalSection(SolutionConfigurationPlatforms) = preSolution
		Debug|Any CPU = Debug|Any CPU
		Release|Any CPU = Release|Any CPU
	EndGlobalSection
	GlobalSection(ProjectConfigurationPlatforms) = postSolution
		{54D68C6B-E9F5-48A5-89D5-382AC485342C}.Debug|Any CPU.ActiveCfg = Debug|Any CPU
		{54D68C6B-E9F5-48A5-89D5-382AC485342C}.Debug|Any CPU.Build.0 = Debug|Any CPU
		{54D68C6B-E9F5-48A5-89D5-382AC485342C}.Release|Any CPU.ActiveCfg = Release|Any CPU
		{54D68C6B-E9F5-48A5-89D5-382AC485342C}.Release|Any CPU.Build.0 = Release|Any CPU
		{CDDEFE15-87A5-4AB9-8A6B-E97CB102E012}.Debug|Any CPU.ActiveCfg = Debug|Any CPU
		{CDDEFE15-87A5-4AB9-8A6B-E97CB102E012}.Debug|Any CPU.Build.0 = Debug|Any CPU
		{CDDEFE15-87A5-4AB9-8A6B-E97CB102E012}.Release|Any CPU.ActiveCfg = Release|Any CPU
		{CDDEFE15-87A5-4AB9-8A6B-E97CB102E012}.Release|Any CPU.Build.0 = Release|Any CPU
		{F39428E0-07DF-4CCB-A069-A2663D800DF3}.Debug|Any CPU.ActiveCfg = Debug|Any CPU
		{F39428E0-07DF-4CCB-A069-A2663D800DF3}.Debug|Any CPU.Build.0 = Debug|Any CPU
		{F39428E0-07DF-4CCB-A069-A2663D800DF3}.Release|Any CPU.ActiveCfg = Release|Any CPU
		{F39428E0-07DF-4CCB-A069-A2663D800DF3}.Release|Any CPU.Build.0 = Release|Any CPU
	EndGlobalSection
	GlobalSection(SolutionProperties) = preSolution
		HideSolutionNode = FALSE
	EndGlobalSection
EndGlobal
